
Microsoft Visual Studio Solution File, Format Version 12.00
# Visual Studio Version 16
VisualStudioVersion = 16.0.30204.135
MinimumVisualStudioVersion = 10.0.40219.1
Project("{FAE04EC0-301F-11D3-BF4B-00C04F79EFBC}") = "shorturl-engine-backend", "shorturl-engine-backend\shorturl-engine-backend.csproj", "{CE8303CF-47C4-4722-8DF0-73849381F408}"
EndProject
Project("{9A19103F-16F7-4668-BE54-9A1E7A4F7556}") = "Ccxc.Core.Utils", "Ccxc.Core.Utils\Ccxc.Core.Utils.csproj", "{828377C4-E3B4-4DA1-979E-91AC9F7BF26E}"
EndProject
Project("{9A19103F-16F7-4668-BE54-9A1E7A4F7556}") = "Ccxc.Core.HttpServer", "Ccxc.Core.HttpServer\Ccxc.Core.HttpServer.csproj", "{C2AFADCD-3285-451E-A8FD-73762A59E8CE}"
EndProject
Project("{9A19103F-16F7-4668-BE54-9A1E7A4F7556}") = "Ccxc.Core.DbOrm", "Ccxc.Core.DbOrm\Ccxc.Core.DbOrm.csproj", "{BDBCE899-C311-45D0-AE43-36F9C3AC43FF}"
EndProject
Global
	GlobalSection(SolutionConfigurationPlatforms) = preSolution
		Debug|Any CPU = Debug|Any CPU
		Release|Any CPU = Release|Any CPU
	EndGlobalSection
	GlobalSection(ProjectConfigurationPlatforms) = postSolution
		{CE8303CF-47C4-4722-8DF0-73849381F408}.Debug|Any CPU.ActiveCfg = Debug|Any CPU
		{CE8303CF-47C4-4722-8DF0-73849381F408}.Debug|Any CPU.Build.0 = Debug|Any CPU
		{CE8303CF-47C4-4722-8DF0-73849381F408}.Release|Any CPU.ActiveCfg = Release|Any CPU
		{CE8303CF-47C4-4722-8DF0-73849381F408}.Release|Any CPU.Build.0 = Release|Any CPU
		{828377C4-E3B4-4DA1-979E-91AC9F7BF26E}.Debug|Any CPU.ActiveCfg = Debug|Any CPU
		{828377C4-E3B4-4DA1-979E-91AC9F7BF26E}.Debug|Any CPU.Build.0 = Debug|Any CPU
		{828377C4-E3B4-4DA1-979E-91AC9F7BF26E}.Release|Any CPU.ActiveCfg = Release|Any CPU
		{828377C4-E3B4-4DA1-979E-91AC9F7BF26E}.Release|Any CPU.Build.0 = Release|Any CPU
		{C2AFADCD-3285-451E-A8FD-73762A59E8CE}.Debug|Any CPU.ActiveCfg = Debug|Any CPU
		{C2AFADCD-3285-451E-A8FD-73762A59E8CE}.Debug|Any CPU.Build.0 = Debug|Any CPU
		{C2AFADCD-3285-451E-A8FD-73762A59E8CE}.Release|Any CPU.ActiveCfg = Release|Any CPU
		{C2AFADCD-3285-451E-A8FD-73762A59E8CE}.Release|Any CPU.Build.0 = Release|Any CPU
		{BDBCE899-C311-45D0-AE43-36F9C3AC43FF}.Debug|Any CPU.ActiveCfg = Debug|Any CPU
		{BDBCE899-C311-45D0-AE43-36F9C3AC43FF}.Debug|Any CPU.Build.0 = Debug|Any CPU
		{BDBCE899-C311-45D0-AE43-36F9C3AC43FF}.Release|Any CPU.ActiveCfg = Release|Any CPU
		{BDBCE899-C311-45D0-AE43-36F9C3AC43FF}.Release|Any CPU.Build.0 = Release|Any CPU
	EndGlobalSection
	GlobalSection(SolutionProperties) = preSolution
		HideSolutionNode = FALSE
	EndGlobalSection
	GlobalSection(ExtensibilityGlobals) = postSolution
		SolutionGuid = {ABB37C5C-99E3-43A3-8D9D-FE03DB93D1DE}
	EndGlobalSection
EndGlobal
